
Microsoft Visual Studio Solution File, Format Version 11.00
# Visual Studio 2010
Project("{2150E333-8FDC-42A3-9474-1A3956D46DE8}") = "Config", "Config", "{5CB348A3-A73A-43CB-8CF9-AC9CD06B6DEA}"
	ProjectSection(SolutionItems) = preProject
		license.txt = license.txt
		NuBuild.png = NuBuild.png
		readme.md = readme.md
	EndProjectSection
EndProject
Project("{2150E333-8FDC-42A3-9474-1A3956D46DE8}") = "Vsix", "Vsix", "{C24B7D6C-4641-4065-8912-2B2DB61D850C}"
EndProject
Project("{FAE04EC0-301F-11D3-BF4B-00C04F79EFBC}") = "Package", "Vsix\Package\Package.csproj", "{1E196872-CD2A-41DC-AFDB-4CF0B34EEB26}"
EndProject
Project("{FAE04EC0-301F-11D3-BF4B-00C04F79EFBC}") = "Template", "Vsix\Template\Template.csproj", "{8E6F74CF-7D2C-4BDC-979B-23654E2B9587}"
EndProject
Project("{2150E333-8FDC-42A3-9474-1A3956D46DE8}") = "Samples", "Samples", "{676467F8-AD62-4223-B1C4-DBAB19D3131D}"
EndProject
Global
	GlobalSection(SolutionConfigurationPlatforms) = preSolution
		Debug|Any CPU = Debug|Any CPU
		Release|Any CPU = Release|Any CPU
	EndGlobalSection
	GlobalSection(ProjectConfigurationPlatforms) = postSolution
		{1E196872-CD2A-41DC-AFDB-4CF0B34EEB26}.Debug|Any CPU.ActiveCfg = Debug|Any CPU
		{1E196872-CD2A-41DC-AFDB-4CF0B34EEB26}.Debug|Any CPU.Build.0 = Debug|Any CPU
		{1E196872-CD2A-41DC-AFDB-4CF0B34EEB26}.Release|Any CPU.ActiveCfg = Release|Any CPU
		{1E196872-CD2A-41DC-AFDB-4CF0B34EEB26}.Release|Any CPU.Build.0 = Release|Any CPU
		{8E6F74CF-7D2C-4BDC-979B-23654E2B9587}.Debug|Any CPU.ActiveCfg = Debug|Any CPU
		{8E6F74CF-7D2C-4BDC-979B-23654E2B9587}.Debug|Any CPU.Build.0 = Debug|Any CPU
		{8E6F74CF-7D2C-4BDC-979B-23654E2B9587}.Release|Any CPU.ActiveCfg = Release|Any CPU
		{8E6F74CF-7D2C-4BDC-979B-23654E2B9587}.Release|Any CPU.Build.0 = Release|Any CPU
	EndGlobalSection
	GlobalSection(SolutionProperties) = preSolution
		HideSolutionNode = FALSE
	EndGlobalSection
	GlobalSection(NestedProjects) = preSolution
		{1E196872-CD2A-41DC-AFDB-4CF0B34EEB26} = {C24B7D6C-4641-4065-8912-2B2DB61D850C}
		{8E6F74CF-7D2C-4BDC-979B-23654E2B9587} = {C24B7D6C-4641-4065-8912-2B2DB61D850C}
	EndGlobalSection
EndGlobal
