
Microsoft Visual Studio Solution File, Format Version 11.00
# Visual Studio 2010
Project("{2150E333-8FDC-42A3-9474-1A3956D46DE8}") = "AutoVersion", "AutoVersion", "{1DC4C3AC-3C4C-48FA-92E3-F5E696BAA52B}"
EndProject
Project("{2150E333-8FDC-42A3-9474-1A3956D46DE8}") = "LibraryVersion", "LibraryVersion", "{DC9AB169-CA48-4452-A84E-45A4C4B500D1}"
EndProject
Project("{FAE04EC0-301F-11D3-BF4B-00C04F79EFBC}") = "Library", "AutoVersion\Library\Library.csproj", "{159AAAA0-CC13-41B1-9BAE-477B649EFEEF}"
EndProject
Project("{E09DD79A-4488-4AB9-8D3F-A7EEE78BF432}") = "Package", "AutoVersion\Package\Package.nuproj", "{B3AE8184-5376-4F1E-A818-2A66A747FC13}"
EndProject
Project("{E09DD79A-4488-4AB9-8D3F-A7EEE78BF432}") = "Package", "LibraryVersion\Package\Package.nuproj", "{715A33C3-4C68-40E3-95B4-1B23FDE6340E}"
EndProject
Project("{2150E333-8FDC-42A3-9474-1A3956D46DE8}") = "Simple", "Simple", "{873359C0-2A16-4C11-9B74-11D3366F4173}"
EndProject
Project("{FAE04EC0-301F-11D3-BF4B-00C04F79EFBC}") = "Library", "Simple\Library\Library.csproj", "{D73E2F24-E4E9-4D0B-B3D8-A725A10363C5}"
EndProject
Project("{E09DD79A-4488-4AB9-8D3F-A7EEE78BF432}") = "Package", "Simple\Package\Package.nuproj", "{F192B0AC-34D2-4405-ACF6-D72F180956E5}"
EndProject
Project("{2150E333-8FDC-42A3-9474-1A3956D46DE8}") = "MultiPackage", "MultiPackage", "{6C5C5A5E-6FE9-44F1-8567-22175DF1C5AB}"
EndProject
Project("{FAE04EC0-301F-11D3-BF4B-00C04F79EFBC}") = "Library1", "MultiPackage\Library1\Library1.csproj", "{00BFFC28-24AA-4909-86ED-0F3435B9ECB6}"
EndProject
Project("{FAE04EC0-301F-11D3-BF4B-00C04F79EFBC}") = "Library2", "MultiPackage\Library2\Library2.csproj", "{D6DBDE30-C538-4C0D-8E46-589CB85C5D68}"
EndProject
Project("{FAE04EC0-301F-11D3-BF4B-00C04F79EFBC}") = "Library3", "MultiPackage\Library3\Library3.csproj", "{C623471C-9C60-4A74-9BB1-DCF49AFC3CB3}"
EndProject
Project("{E09DD79A-4488-4AB9-8D3F-A7EEE78BF432}") = "Package", "MultiPackage\Package\Package.nuproj", "{222D3622-ACC2-4AD7-8F22-FBB0CA7B17A6}"
	ProjectSection(ProjectDependencies) = postProject
		{00BFFC28-24AA-4909-86ED-0F3435B9ECB6} = {00BFFC28-24AA-4909-86ED-0F3435B9ECB6}
		{D6DBDE30-C538-4C0D-8E46-589CB85C5D68} = {D6DBDE30-C538-4C0D-8E46-589CB85C5D68}
	EndProjectSection
EndProject
Project("{2150E333-8FDC-42A3-9474-1A3956D46DE8}") = "ReferenceVersion", "ReferenceVersion", "{8EE0FA48-070E-43D2-9AD8-87F4E264ECC6}"
EndProject
Project("{FAE04EC0-301F-11D3-BF4B-00C04F79EFBC}") = "Library", "ReferenceVersion\Library\Library.csproj", "{379A8017-488F-4234-B2D4-E0854EE6411F}"
EndProject
Project("{E09DD79A-4488-4AB9-8D3F-A7EEE78BF432}") = "Package", "ReferenceVersion\Package\Package.nuproj", "{90B0A935-D903-4CF5-9E87-BC7B82EE0F52}"
EndProject
Project("{2150E333-8FDC-42A3-9474-1A3956D46DE8}") = "TfsVersion", "TfsVersion", "{3DEDB95B-C4EA-4539-AA94-D5A734D6BCBC}"
EndProject
Project("{FAE04EC0-301F-11D3-BF4B-00C04F79EFBC}") = "Library", "TfsVersion\Library\Library.csproj", "{D75ED236-F51A-4A28-B09C-E7A13AEC4AF2}"
EndProject
Project("{E09DD79A-4488-4AB9-8D3F-A7EEE78BF432}") = "Package", "TfsVersion\Package\Package.nuproj", "{DFA71399-1721-4735-9DB9-7781245C50FF}"
EndProject
Global
	GlobalSection(SolutionConfigurationPlatforms) = preSolution
		Debug|Any CPU = Debug|Any CPU
		Release|Any CPU = Release|Any CPU
	EndGlobalSection
	GlobalSection(ProjectConfigurationPlatforms) = postSolution
		{159AAAA0-CC13-41B1-9BAE-477B649EFEEF}.Debug|Any CPU.ActiveCfg = Debug|Any CPU
		{159AAAA0-CC13-41B1-9BAE-477B649EFEEF}.Debug|Any CPU.Build.0 = Debug|Any CPU
		{159AAAA0-CC13-41B1-9BAE-477B649EFEEF}.Release|Any CPU.ActiveCfg = Release|Any CPU
		{159AAAA0-CC13-41B1-9BAE-477B649EFEEF}.Release|Any CPU.Build.0 = Release|Any CPU
		{B3AE8184-5376-4F1E-A818-2A66A747FC13}.Debug|Any CPU.ActiveCfg = Debug|Any CPU
		{B3AE8184-5376-4F1E-A818-2A66A747FC13}.Debug|Any CPU.Build.0 = Debug|Any CPU
		{B3AE8184-5376-4F1E-A818-2A66A747FC13}.Release|Any CPU.ActiveCfg = Release|Any CPU
		{B3AE8184-5376-4F1E-A818-2A66A747FC13}.Release|Any CPU.Build.0 = Release|Any CPU
		{715A33C3-4C68-40E3-95B4-1B23FDE6340E}.Debug|Any CPU.ActiveCfg = Debug|Any CPU
		{715A33C3-4C68-40E3-95B4-1B23FDE6340E}.Debug|Any CPU.Build.0 = Debug|Any CPU
		{715A33C3-4C68-40E3-95B4-1B23FDE6340E}.Release|Any CPU.ActiveCfg = Release|Any CPU
		{715A33C3-4C68-40E3-95B4-1B23FDE6340E}.Release|Any CPU.Build.0 = Release|Any CPU
		{D73E2F24-E4E9-4D0B-B3D8-A725A10363C5}.Debug|Any CPU.ActiveCfg = Debug|Any CPU
		{D73E2F24-E4E9-4D0B-B3D8-A725A10363C5}.Debug|Any CPU.Build.0 = Debug|Any CPU
		{D73E2F24-E4E9-4D0B-B3D8-A725A10363C5}.Release|Any CPU.ActiveCfg = Release|Any CPU
		{D73E2F24-E4E9-4D0B-B3D8-A725A10363C5}.Release|Any CPU.Build.0 = Release|Any CPU
		{F192B0AC-34D2-4405-ACF6-D72F180956E5}.Debug|Any CPU.ActiveCfg = Debug|Any CPU
		{F192B0AC-34D2-4405-ACF6-D72F180956E5}.Debug|Any CPU.Build.0 = Debug|Any CPU
		{F192B0AC-34D2-4405-ACF6-D72F180956E5}.Release|Any CPU.ActiveCfg = Release|Any CPU
		{F192B0AC-34D2-4405-ACF6-D72F180956E5}.Release|Any CPU.Build.0 = Release|Any CPU
		{00BFFC28-24AA-4909-86ED-0F3435B9ECB6}.Debug|Any CPU.ActiveCfg = Debug|Any CPU
		{00BFFC28-24AA-4909-86ED-0F3435B9ECB6}.Debug|Any CPU.Build.0 = Debug|Any CPU
		{00BFFC28-24AA-4909-86ED-0F3435B9ECB6}.Release|Any CPU.ActiveCfg = Release|Any CPU
		{00BFFC28-24AA-4909-86ED-0F3435B9ECB6}.Release|Any CPU.Build.0 = Release|Any CPU
		{D6DBDE30-C538-4C0D-8E46-589CB85C5D68}.Debug|Any CPU.ActiveCfg = Debug|Any CPU
		{D6DBDE30-C538-4C0D-8E46-589CB85C5D68}.Debug|Any CPU.Build.0 = Debug|Any CPU
		{D6DBDE30-C538-4C0D-8E46-589CB85C5D68}.Release|Any CPU.ActiveCfg = Release|Any CPU
		{D6DBDE30-C538-4C0D-8E46-589CB85C5D68}.Release|Any CPU.Build.0 = Release|Any CPU
		{C623471C-9C60-4A74-9BB1-DCF49AFC3CB3}.Debug|Any CPU.ActiveCfg = Debug|Any CPU
		{C623471C-9C60-4A74-9BB1-DCF49AFC3CB3}.Debug|Any CPU.Build.0 = Debug|Any CPU
		{C623471C-9C60-4A74-9BB1-DCF49AFC3CB3}.Release|Any CPU.ActiveCfg = Release|Any CPU
		{C623471C-9C60-4A74-9BB1-DCF49AFC3CB3}.Release|Any CPU.Build.0 = Release|Any CPU
		{222D3622-ACC2-4AD7-8F22-FBB0CA7B17A6}.Debug|Any CPU.ActiveCfg = Debug|Any CPU
		{222D3622-ACC2-4AD7-8F22-FBB0CA7B17A6}.Debug|Any CPU.Build.0 = Debug|Any CPU
		{222D3622-ACC2-4AD7-8F22-FBB0CA7B17A6}.Release|Any CPU.ActiveCfg = Release|Any CPU
		{222D3622-ACC2-4AD7-8F22-FBB0CA7B17A6}.Release|Any CPU.Build.0 = Release|Any CPU
		{379A8017-488F-4234-B2D4-E0854EE6411F}.Debug|Any CPU.ActiveCfg = Debug|Any CPU
		{379A8017-488F-4234-B2D4-E0854EE6411F}.Debug|Any CPU.Build.0 = Debug|Any CPU
		{379A8017-488F-4234-B2D4-E0854EE6411F}.Release|Any CPU.ActiveCfg = Release|Any CPU
		{379A8017-488F-4234-B2D4-E0854EE6411F}.Release|Any CPU.Build.0 = Release|Any CPU
		{90B0A935-D903-4CF5-9E87-BC7B82EE0F52}.Debug|Any CPU.ActiveCfg = Debug|Any CPU
		{90B0A935-D903-4CF5-9E87-BC7B82EE0F52}.Debug|Any CPU.Build.0 = Debug|Any CPU
		{90B0A935-D903-4CF5-9E87-BC7B82EE0F52}.Release|Any CPU.ActiveCfg = Release|Any CPU
		{90B0A935-D903-4CF5-9E87-BC7B82EE0F52}.Release|Any CPU.Build.0 = Release|Any CPU
		{D75ED236-F51A-4A28-B09C-E7A13AEC4AF2}.Debug|Any CPU.ActiveCfg = Debug|Any CPU
		{D75ED236-F51A-4A28-B09C-E7A13AEC4AF2}.Debug|Any CPU.Build.0 = Debug|Any CPU
		{D75ED236-F51A-4A28-B09C-E7A13AEC4AF2}.Release|Any CPU.ActiveCfg = Release|Any CPU
		{D75ED236-F51A-4A28-B09C-E7A13AEC4AF2}.Release|Any CPU.Build.0 = Release|Any CPU
		{DFA71399-1721-4735-9DB9-7781245C50FF}.Debug|Any CPU.ActiveCfg = Debug|Any CPU
		{DFA71399-1721-4735-9DB9-7781245C50FF}.Debug|Any CPU.Build.0 = Debug|Any CPU
		{DFA71399-1721-4735-9DB9-7781245C50FF}.Release|Any CPU.ActiveCfg = Release|Any CPU
		{DFA71399-1721-4735-9DB9-7781245C50FF}.Release|Any CPU.Build.0 = Release|Any CPU
	EndGlobalSection
	GlobalSection(SolutionProperties) = preSolution
		HideSolutionNode = FALSE
	EndGlobalSection
	GlobalSection(NestedProjects) = preSolution
		{159AAAA0-CC13-41B1-9BAE-477B649EFEEF} = {1DC4C3AC-3C4C-48FA-92E3-F5E696BAA52B}
		{B3AE8184-5376-4F1E-A818-2A66A747FC13} = {1DC4C3AC-3C4C-48FA-92E3-F5E696BAA52B}
		{715A33C3-4C68-40E3-95B4-1B23FDE6340E} = {DC9AB169-CA48-4452-A84E-45A4C4B500D1}
		{D73E2F24-E4E9-4D0B-B3D8-A725A10363C5} = {873359C0-2A16-4C11-9B74-11D3366F4173}
		{F192B0AC-34D2-4405-ACF6-D72F180956E5} = {873359C0-2A16-4C11-9B74-11D3366F4173}
		{00BFFC28-24AA-4909-86ED-0F3435B9ECB6} = {6C5C5A5E-6FE9-44F1-8567-22175DF1C5AB}
		{D6DBDE30-C538-4C0D-8E46-589CB85C5D68} = {6C5C5A5E-6FE9-44F1-8567-22175DF1C5AB}
		{C623471C-9C60-4A74-9BB1-DCF49AFC3CB3} = {6C5C5A5E-6FE9-44F1-8567-22175DF1C5AB}
		{222D3622-ACC2-4AD7-8F22-FBB0CA7B17A6} = {6C5C5A5E-6FE9-44F1-8567-22175DF1C5AB}
		{379A8017-488F-4234-B2D4-E0854EE6411F} = {8EE0FA48-070E-43D2-9AD8-87F4E264ECC6}
		{90B0A935-D903-4CF5-9E87-BC7B82EE0F52} = {8EE0FA48-070E-43D2-9AD8-87F4E264ECC6}
		{D75ED236-F51A-4A28-B09C-E7A13AEC4AF2} = {3DEDB95B-C4EA-4539-AA94-D5A734D6BCBC}
		{DFA71399-1721-4735-9DB9-7781245C50FF} = {3DEDB95B-C4EA-4539-AA94-D5A734D6BCBC}
	EndGlobalSection
EndGlobal
